// !$*UTF8*$!
{
	archiveVersion = 1;
	classes = {
	};
	objectVersion = 51;
	objects = {

/* Begin PBXBuildFile section */
		D0EF3D3123564A6E0085FFA4 /* AppDelegate.swift in Sources */ = {isa = PBXBuildFile; fileRef = D0EF3D3023564A6E0085FFA4 /* AppDelegate.swift */; };
		D0EF3D3823564A6E0085FFA4 /* Main.storyboard in Resources */ = {isa = PBXBuildFile; fileRef = D0EF3D3623564A6E0085FFA4 /* Main.storyboard */; };
		D0EF3D3A23564A720085FFA4 /* Assets.xcassets in Resources */ = {isa = PBXBuildFile; fileRef = D0EF3D3923564A720085FFA4 /* Assets.xcassets */; };
		D0EF3D3D23564A720085FFA4 /* LaunchScreen.storyboard in Resources */ = {isa = PBXBuildFile; fileRef = D0EF3D3B23564A720085FFA4 /* LaunchScreen.storyboard */; };
		D0EF3D4623564B140085FFA4 /* CameraController.swift in Sources */ = {isa = PBXBuildFile; fileRef = D0EF3D4523564B140085FFA4 /* CameraController.swift */; };
		D0EF3D4823564B4E0085FFA4 /* PreviewPhotoContainerView.swift in Sources */ = {isa = PBXBuildFile; fileRef = D0EF3D4723564B4E0085FFA4 /* PreviewPhotoContainerView.swift */; };
		D0EF3D4A23564B830085FFA4 /* CustomAnimationPresenter.swift in Sources */ = {isa = PBXBuildFile; fileRef = D0EF3D4923564B830085FFA4 /* CustomAnimationPresenter.swift */; };
		D0EF3D4D23564C540085FFA4 /* CustomAnimationDismisser.swift in Sources */ = {isa = PBXBuildFile; fileRef = D0EF3D4C23564C540085FFA4 /* CustomAnimationDismisser.swift */; };
		D0EF3D4F23564C790085FFA4 /* UserSearchController.swift in Sources */ = {isa = PBXBuildFile; fileRef = D0EF3D4E23564C790085FFA4 /* UserSearchController.swift */; };
		D0EF3D5123564C930085FFA4 /* UserSearchCell.swift in Sources */ = {isa = PBXBuildFile; fileRef = D0EF3D5023564C930085FFA4 /* UserSearchCell.swift */; };
		D0EF3D5323564CC30085FFA4 /* HomeController.swift in Sources */ = {isa = PBXBuildFile; fileRef = D0EF3D5223564CC30085FFA4 /* HomeController.swift */; };
		D0EF3D5623564D390085FFA4 /* MainTabBarController.swift in Sources */ = {isa = PBXBuildFile; fileRef = D0EF3D5523564D390085FFA4 /* MainTabBarController.swift */; };
		D0EF3D5823564D9E0085FFA4 /* HomePostCell.swift in Sources */ = {isa = PBXBuildFile; fileRef = D0EF3D5723564D9E0085FFA4 /* HomePostCell.swift */; };
		D0EF3D5A23564DB60085FFA4 /* CommentsController.swift in Sources */ = {isa = PBXBuildFile; fileRef = D0EF3D5923564DB60085FFA4 /* CommentsController.swift */; };
		D0EF3D5C23564DE20085FFA4 /* CommentCell.swift in Sources */ = {isa = PBXBuildFile; fileRef = D0EF3D5B23564DE20085FFA4 /* CommentCell.swift */; };
		D0EF3D5F23564E0C0085FFA4 /* Post.swift in Sources */ = {isa = PBXBuildFile; fileRef = D0EF3D5E23564E0C0085FFA4 /* Post.swift */; };
		D0EF3D6123564E1F0085FFA4 /* User.swift in Sources */ = {isa = PBXBuildFile; fileRef = D0EF3D6023564E1F0085FFA4 /* User.swift */; };
		D0EF3D6323564E370085FFA4 /* Comment.swift in Sources */ = {isa = PBXBuildFile; fileRef = D0EF3D6223564E370085FFA4 /* Comment.swift */; };
		D0EF3D6623564EBF0085FFA4 /* PhotoSelectorController.swift in Sources */ = {isa = PBXBuildFile; fileRef = D0EF3D6523564EBF0085FFA4 /* PhotoSelectorController.swift */; };
		D0EF3D6823564ED50085FFA4 /* PhotoSelectorCell.swift in Sources */ = {isa = PBXBuildFile; fileRef = D0EF3D6723564ED50085FFA4 /* PhotoSelectorCell.swift */; };
		D0EF3D6A23564F020085FFA4 /* PhotoSelectorHeader.swift in Sources */ = {isa = PBXBuildFile; fileRef = D0EF3D6923564F020085FFA4 /* PhotoSelectorHeader.swift */; };
		D0EF3D6C23564F230085FFA4 /* SharePhotoController.swift in Sources */ = {isa = PBXBuildFile; fileRef = D0EF3D6B23564F230085FFA4 /* SharePhotoController.swift */; };
		D0EF3D6F23564F560085FFA4 /* LoginController.swift in Sources */ = {isa = PBXBuildFile; fileRef = D0EF3D6E23564F560085FFA4 /* LoginController.swift */; };
		D0EF3D7123564FC50085FFA4 /* SignUpController.swift in Sources */ = {isa = PBXBuildFile; fileRef = D0EF3D7023564FC50085FFA4 /* SignUpController.swift */; };
		D0EF3D7423564FFC0085FFA4 /* UserProfileController.swift in Sources */ = {isa = PBXBuildFile; fileRef = D0EF3D7323564FFC0085FFA4 /* UserProfileController.swift */; };
		D0EF3D76235650160085FFA4 /* UserProfileHeader.swift in Sources */ = {isa = PBXBuildFile; fileRef = D0EF3D75235650160085FFA4 /* UserProfileHeader.swift */; };
		D0EF3D782356506C0085FFA4 /* UserProfileCell.swift in Sources */ = {isa = PBXBuildFile; fileRef = D0EF3D772356506C0085FFA4 /* UserProfileCell.swift */; };
		D0EF3D7B2356509B0085FFA4 /* Extensions.swift in Sources */ = {isa = PBXBuildFile; fileRef = D0EF3D7A2356509B0085FFA4 /* Extensions.swift */; };
		D0EF3D7D235650C20085FFA4 /* CustomImageView.swift in Sources */ = {isa = PBXBuildFile; fileRef = D0EF3D7C235650C20085FFA4 /* CustomImageView.swift */; };
		D0EF3D7F235650E90085FFA4 /* FirebaseUtilis.swift in Sources */ = {isa = PBXBuildFile; fileRef = D0EF3D7E235650E90085FFA4 /* FirebaseUtilis.swift */; };
		D0EF3D812356600C0085FFA4 /* GoogleService-Info.plist in Resources */ = {isa = PBXBuildFile; fileRef = D0EF3D802356600C0085FFA4 /* GoogleService-Info.plist */; };
		D0EF3D8323566B160085FFA4 /* SceneDelegate.swift in Sources */ = {isa = PBXBuildFile; fileRef = D0EF3D8223566B150085FFA4 /* SceneDelegate.swift */; };
		D0EF3D852358A4D50085FFA4 /* UserInfoHeader.swift in Sources */ = {isa = PBXBuildFile; fileRef = D0EF3D842358A4D40085FFA4 /* UserInfoHeader.swift */; };
		D0EF3D882358A5270085FFA4 /* PasswordChange.swift in Sources */ = {isa = PBXBuildFile; fileRef = D0EF3D872358A5270085FFA4 /* PasswordChange.swift */; };
		D0EF3D8A2358A53D0085FFA4 /* SettingsCell.swift in Sources */ = {isa = PBXBuildFile; fileRef = D0EF3D892358A53D0085FFA4 /* SettingsCell.swift */; };
		D0EF3D8C2358A5530085FFA4 /* SettingsSection.swift in Sources */ = {isa = PBXBuildFile; fileRef = D0EF3D8B2358A5530085FFA4 /* SettingsSection.swift */; };
		D0EF3D8E2358A56F0085FFA4 /* SettingsController.swift in Sources */ = {isa = PBXBuildFile; fileRef = D0EF3D8D2358A56F0085FFA4 /* SettingsController.swift */; };
		FB61DBBC8E811007204904EF /* Pods_Meme_Creator.framework in Frameworks */ = {isa = PBXBuildFile; fileRef = D45DA9D2BAA9A43F047FCCE8 /* Pods_Meme_Creator.framework */; };
/* End PBXBuildFile section */

/* Begin PBXFileReference section */
		7EF2F0DE217D9C506152EA7E /* Pods-Meme Creator.debug.xcconfig */ = {isa = PBXFileReference; includeInIndex = 1; lastKnownFileType = text.xcconfig; name = "Pods-Meme Creator.debug.xcconfig"; path = "Target Support Files/Pods-Meme Creator/Pods-Meme Creator.debug.xcconfig"; sourceTree = "<group>"; };
		A63B7D6DF60E8EB47D8B6C14 /* Pods-Meme Creator.release.xcconfig */ = {isa = PBXFileReference; includeInIndex = 1; lastKnownFileType = text.xcconfig; name = "Pods-Meme Creator.release.xcconfig"; path = "Target Support Files/Pods-Meme Creator/Pods-Meme Creator.release.xcconfig"; sourceTree = "<group>"; };
		D0EF3D2D23564A6E0085FFA4 /* Meme Creator.app */ = {isa = PBXFileReference; explicitFileType = wrapper.application; includeInIndex = 0; path = "Meme Creator.app"; sourceTree = BUILT_PRODUCTS_DIR; };
		D0EF3D3023564A6E0085FFA4 /* AppDelegate.swift */ = {isa = PBXFileReference; lastKnownFileType = sourcecode.swift; path = AppDelegate.swift; sourceTree = "<group>"; };
		D0EF3D3723564A6E0085FFA4 /* Base */ = {isa = PBXFileReference; lastKnownFileType = file.storyboard; name = Base; path = Base.lproj/Main.storyboard; sourceTree = "<group>"; };
		D0EF3D3923564A720085FFA4 /* Assets.xcassets */ = {isa = PBXFileReference; lastKnownFileType = folder.assetcatalog; path = Assets.xcassets; sourceTree = "<group>"; };
		D0EF3D3C23564A720085FFA4 /* Base */ = {isa = PBXFileReference; lastKnownFileType = file.storyboard; name = Base; path = Base.lproj/LaunchScreen.storyboard; sourceTree = "<group>"; };
		D0EF3D3E23564A720085FFA4 /* Info.plist */ = {isa = PBXFileReference; lastKnownFileType = text.plist.xml; path = Info.plist; sourceTree = "<group>"; };
		D0EF3D4523564B140085FFA4 /* CameraController.swift */ = {isa = PBXFileReference; lastKnownFileType = sourcecode.swift; path = CameraController.swift; sourceTree = "<group>"; };
		D0EF3D4723564B4E0085FFA4 /* PreviewPhotoContainerView.swift */ = {isa = PBXFileReference; lastKnownFileType = sourcecode.swift; path = PreviewPhotoContainerView.swift; sourceTree = "<group>"; };
		D0EF3D4923564B830085FFA4 /* CustomAnimationPresenter.swift */ = {isa = PBXFileReference; lastKnownFileType = sourcecode.swift; path = CustomAnimationPresenter.swift; sourceTree = "<group>"; };
		D0EF3D4C23564C540085FFA4 /* CustomAnimationDismisser.swift */ = {isa = PBXFileReference; lastKnownFileType = sourcecode.swift; path = CustomAnimationDismisser.swift; sourceTree = "<group>"; };
		D0EF3D4E23564C790085FFA4 /* UserSearchController.swift */ = {isa = PBXFileReference; lastKnownFileType = sourcecode.swift; path = UserSearchController.swift; sourceTree = "<group>"; };
		D0EF3D5023564C930085FFA4 /* UserSearchCell.swift */ = {isa = PBXFileReference; lastKnownFileType = sourcecode.swift; path = UserSearchCell.swift; sourceTree = "<group>"; };
		D0EF3D5223564CC30085FFA4 /* HomeController.swift */ = {isa = PBXFileReference; lastKnownFileType = sourcecode.swift; path = HomeController.swift; sourceTree = "<group>"; };
		D0EF3D5523564D390085FFA4 /* MainTabBarController.swift */ = {isa = PBXFileReference; lastKnownFileType = sourcecode.swift; path = MainTabBarController.swift; sourceTree = "<group>"; };
		D0EF3D5723564D9E0085FFA4 /* HomePostCell.swift */ = {isa = PBXFileReference; lastKnownFileType = sourcecode.swift; path = HomePostCell.swift; sourceTree = "<group>"; };
		D0EF3D5923564DB60085FFA4 /* CommentsController.swift */ = {isa = PBXFileReference; lastKnownFileType = sourcecode.swift; path = CommentsController.swift; sourceTree = "<group>"; };
		D0EF3D5B23564DE20085FFA4 /* CommentCell.swift */ = {isa = PBXFileReference; lastKnownFileType = sourcecode.swift; path = CommentCell.swift; sourceTree = "<group>"; };
		D0EF3D5E23564E0C0085FFA4 /* Post.swift */ = {isa = PBXFileReference; lastKnownFileType = sourcecode.swift; path = Post.swift; sourceTree = "<group>"; };
		D0EF3D6023564E1F0085FFA4 /* User.swift */ = {isa = PBXFileReference; lastKnownFileType = sourcecode.swift; path = User.swift; sourceTree = "<group>"; };
		D0EF3D6223564E370085FFA4 /* Comment.swift */ = {isa = PBXFileReference; lastKnownFileType = sourcecode.swift; path = Comment.swift; sourceTree = "<group>"; };
		D0EF3D6523564EBF0085FFA4 /* PhotoSelectorController.swift */ = {isa = PBXFileReference; lastKnownFileType = sourcecode.swift; path = PhotoSelectorController.swift; sourceTree = "<group>"; };
		D0EF3D6723564ED50085FFA4 /* PhotoSelectorCell.swift */ = {isa = PBXFileReference; lastKnownFileType = sourcecode.swift; path = PhotoSelectorCell.swift; sourceTree = "<group>"; };
		D0EF3D6923564F020085FFA4 /* PhotoSelectorHeader.swift */ = {isa = PBXFileReference; lastKnownFileType = sourcecode.swift; path = PhotoSelectorHeader.swift; sourceTree = "<group>"; };
		D0EF3D6B23564F230085FFA4 /* SharePhotoController.swift */ = {isa = PBXFileReference; lastKnownFileType = sourcecode.swift; path = SharePhotoController.swift; sourceTree = "<group>"; };
		D0EF3D6E23564F560085FFA4 /* LoginController.swift */ = {isa = PBXFileReference; lastKnownFileType = sourcecode.swift; path = LoginController.swift; sourceTree = "<group>"; };
		D0EF3D7023564FC50085FFA4 /* SignUpController.swift */ = {isa = PBXFileReference; lastKnownFileType = sourcecode.swift; path = SignUpController.swift; sourceTree = "<group>"; };
		D0EF3D7323564FFC0085FFA4 /* UserProfileController.swift */ = {isa = PBXFileReference; lastKnownFileType = sourcecode.swift; path = UserProfileController.swift; sourceTree = "<group>"; };
		D0EF3D75235650160085FFA4 /* UserProfileHeader.swift */ = {isa = PBXFileReference; lastKnownFileType = sourcecode.swift; path = UserProfileHeader.swift; sourceTree = "<group>"; };
		D0EF3D772356506C0085FFA4 /* UserProfileCell.swift */ = {isa = PBXFileReference; lastKnownFileType = sourcecode.swift; path = UserProfileCell.swift; sourceTree = "<group>"; };
		D0EF3D7A2356509B0085FFA4 /* Extensions.swift */ = {isa = PBXFileReference; lastKnownFileType = sourcecode.swift; path = Extensions.swift; sourceTree = "<group>"; };
		D0EF3D7C235650C20085FFA4 /* CustomImageView.swift */ = {isa = PBXFileReference; lastKnownFileType = sourcecode.swift; path = CustomImageView.swift; sourceTree = "<group>"; };
		D0EF3D7E235650E90085FFA4 /* FirebaseUtilis.swift */ = {isa = PBXFileReference; lastKnownFileType = sourcecode.swift; path = FirebaseUtilis.swift; sourceTree = "<group>"; };
		D0EF3D802356600C0085FFA4 /* GoogleService-Info.plist */ = {isa = PBXFileReference; fileEncoding = 4; lastKnownFileType = text.plist.xml; path = "GoogleService-Info.plist"; sourceTree = "<group>"; };
		D0EF3D8223566B150085FFA4 /* SceneDelegate.swift */ = {isa = PBXFileReference; fileEncoding = 4; lastKnownFileType = sourcecode.swift; path = SceneDelegate.swift; sourceTree = "<group>"; };
		D0EF3D842358A4D40085FFA4 /* UserInfoHeader.swift */ = {isa = PBXFileReference; lastKnownFileType = sourcecode.swift; path = UserInfoHeader.swift; sourceTree = "<group>"; };
		D0EF3D872358A5270085FFA4 /* PasswordChange.swift */ = {isa = PBXFileReference; lastKnownFileType = sourcecode.swift; path = PasswordChange.swift; sourceTree = "<group>"; };
		D0EF3D892358A53D0085FFA4 /* SettingsCell.swift */ = {isa = PBXFileReference; lastKnownFileType = sourcecode.swift; path = SettingsCell.swift; sourceTree = "<group>"; };
		D0EF3D8B2358A5530085FFA4 /* SettingsSection.swift */ = {isa = PBXFileReference; lastKnownFileType = sourcecode.swift; path = SettingsSection.swift; sourceTree = "<group>"; };
		D0EF3D8D2358A56F0085FFA4 /* SettingsController.swift */ = {isa = PBXFileReference; lastKnownFileType = sourcecode.swift; path = SettingsController.swift; sourceTree = "<group>"; };
		D45DA9D2BAA9A43F047FCCE8 /* Pods_Meme_Creator.framework */ = {isa = PBXFileReference; explicitFileType = wrapper.framework; includeInIndex = 0; path = Pods_Meme_Creator.framework; sourceTree = BUILT_PRODUCTS_DIR; };
/* End PBXFileReference section */

/* Begin PBXFrameworksBuildPhase section */
		D0EF3D2A23564A6E0085FFA4 /* Frameworks */ = {
			isa = PBXFrameworksBuildPhase;
			buildActionMask = 2147483647;
			files = (
				FB61DBBC8E811007204904EF /* Pods_Meme_Creator.framework in Frameworks */,
			);
			runOnlyForDeploymentPostprocessing = 0;
		};
/* End PBXFrameworksBuildPhase section */

/* Begin PBXGroup section */
		08EC231D8E2D01385B8DF377 /* Frameworks */ = {
			isa = PBXGroup;
			children = (
				D45DA9D2BAA9A43F047FCCE8 /* Pods_Meme_Creator.framework */,
			);
			name = Frameworks;
			sourceTree = "<group>";
		};
		CDC8A415672283B0E696FBC3 /* Pods */ = {
			isa = PBXGroup;
			children = (
				7EF2F0DE217D9C506152EA7E /* Pods-Meme Creator.debug.xcconfig */,
				A63B7D6DF60E8EB47D8B6C14 /* Pods-Meme Creator.release.xcconfig */,
			);
			path = Pods;
			sourceTree = "<group>";
		};
		D0EF3D2423564A6E0085FFA4 = {
			isa = PBXGroup;
			children = (
				D0EF3D2F23564A6E0085FFA4 /* Meme Creator */,
				D0EF3D2E23564A6E0085FFA4 /* Products */,
				CDC8A415672283B0E696FBC3 /* Pods */,
				08EC231D8E2D01385B8DF377 /* Frameworks */,
			);
			sourceTree = "<group>";
		};
		D0EF3D2E23564A6E0085FFA4 /* Products */ = {
			isa = PBXGroup;
			children = (
				D0EF3D2D23564A6E0085FFA4 /* Meme Creator.app */,
			);
			name = Products;
			sourceTree = "<group>";
		};
		D0EF3D2F23564A6E0085FFA4 /* Meme Creator */ = {
			isa = PBXGroup;
			children = (
				D0EF3D3023564A6E0085FFA4 /* AppDelegate.swift */,
				D0EF3D8223566B150085FFA4 /* SceneDelegate.swift */,
				D0EF3D5523564D390085FFA4 /* MainTabBarController.swift */,
				D0EF3D5423564CCD0085FFA4 /* Home */,
				D0EF3D4B23564C280085FFA4 /* Search */,
				D0EF3D4423564ADF0085FFA4 /* Camer */,
				D0EF3D5D23564DFC0085FFA4 /* Model */,
				D0EF3D6423564EA60085FFA4 /* Photo */,
				D0EF3D6D23564F460085FFA4 /* Authentication */,
				D0EF3D7223564FDF0085FFA4 /* Profile */,
				D0EF3D862358A4EC0085FFA4 /* Settings */,
				D0EF3D792356508B0085FFA4 /* Utilis */,
				D0EF3D3623564A6E0085FFA4 /* Main.storyboard */,
				D0EF3D3923564A720085FFA4 /* Assets.xcassets */,
				D0EF3D3B23564A720085FFA4 /* LaunchScreen.storyboard */,
				D0EF3D3E23564A720085FFA4 /* Info.plist */,
				D0EF3D802356600C0085FFA4 /* GoogleService-Info.plist */,
			);
			path = "Meme Creator";
			sourceTree = "<group>";
		};
		D0EF3D4423564ADF0085FFA4 /* Camer */ = {
			isa = PBXGroup;
			children = (
				D0EF3D4523564B140085FFA4 /* CameraController.swift */,
				D0EF3D4723564B4E0085FFA4 /* PreviewPhotoContainerView.swift */,
				D0EF3D4923564B830085FFA4 /* CustomAnimationPresenter.swift */,
				D0EF3D4C23564C540085FFA4 /* CustomAnimationDismisser.swift */,
			);
			path = Camer;
			sourceTree = "<group>";
		};
		D0EF3D4B23564C280085FFA4 /* Search */ = {
			isa = PBXGroup;
			children = (
				D0EF3D4E23564C790085FFA4 /* UserSearchController.swift */,
				D0EF3D5023564C930085FFA4 /* UserSearchCell.swift */,
			);
			path = Search;
			sourceTree = "<group>";
		};
		D0EF3D5423564CCD0085FFA4 /* Home */ = {
			isa = PBXGroup;
			children = (
				D0EF3D5223564CC30085FFA4 /* HomeController.swift */,
				D0EF3D5723564D9E0085FFA4 /* HomePostCell.swift */,
				D0EF3D5923564DB60085FFA4 /* CommentsController.swift */,
				D0EF3D5B23564DE20085FFA4 /* CommentCell.swift */,
			);
			path = Home;
			sourceTree = "<group>";
		};
		D0EF3D5D23564DFC0085FFA4 /* Model */ = {
			isa = PBXGroup;
			children = (
				D0EF3D5E23564E0C0085FFA4 /* Post.swift */,
				D0EF3D6023564E1F0085FFA4 /* User.swift */,
				D0EF3D6223564E370085FFA4 /* Comment.swift */,
			);
			path = Model;
			sourceTree = "<group>";
		};
		D0EF3D6423564EA60085FFA4 /* Photo */ = {
			isa = PBXGroup;
			children = (
				D0EF3D6523564EBF0085FFA4 /* PhotoSelectorController.swift */,
				D0EF3D6723564ED50085FFA4 /* PhotoSelectorCell.swift */,
				D0EF3D6923564F020085FFA4 /* PhotoSelectorHeader.swift */,
				D0EF3D6B23564F230085FFA4 /* SharePhotoController.swift */,
			);
			path = Photo;
			sourceTree = "<group>";
		};
		D0EF3D6D23564F460085FFA4 /* Authentication */ = {
			isa = PBXGroup;
			children = (
				D0EF3D6E23564F560085FFA4 /* LoginController.swift */,
				D0EF3D7023564FC50085FFA4 /* SignUpController.swift */,
			);
			path = Authentication;
			sourceTree = "<group>";
		};
		D0EF3D7223564FDF0085FFA4 /* Profile */ = {
			isa = PBXGroup;
			children = (
				D0EF3D7323564FFC0085FFA4 /* UserProfileController.swift */,
				D0EF3D75235650160085FFA4 /* UserProfileHeader.swift */,
				D0EF3D772356506C0085FFA4 /* UserProfileCell.swift */,
			);
			path = Profile;
			sourceTree = "<group>";
		};
		D0EF3D792356508B0085FFA4 /* Utilis */ = {
			isa = PBXGroup;
			children = (
				D0EF3D7A2356509B0085FFA4 /* Extensions.swift */,
				D0EF3D7C235650C20085FFA4 /* CustomImageView.swift */,
				D0EF3D7E235650E90085FFA4 /* FirebaseUtilis.swift */,
			);
			path = Utilis;
			sourceTree = "<group>";
		};
		D0EF3D862358A4EC0085FFA4 /* Settings */ = {
			isa = PBXGroup;
			children = (
				D0EF3D842358A4D40085FFA4 /* UserInfoHeader.swift */,
				D0EF3D872358A5270085FFA4 /* PasswordChange.swift */,
				D0EF3D892358A53D0085FFA4 /* SettingsCell.swift */,
				D0EF3D8B2358A5530085FFA4 /* SettingsSection.swift */,
				D0EF3D8D2358A56F0085FFA4 /* SettingsController.swift */,
			);
			path = Settings;
			sourceTree = "<group>";
		};
/* End PBXGroup section */

/* Begin PBXNativeTarget section */
		D0EF3D2C23564A6E0085FFA4 /* Meme Creator */ = {
			isa = PBXNativeTarget;
			buildConfigurationList = D0EF3D4123564A720085FFA4 /* Build configuration list for PBXNativeTarget "Meme Creator" */;
			buildPhases = (
				822FEC015BA1E555C1DBFC4F /* [CP] Check Pods Manifest.lock */,
				D0EF3D2923564A6E0085FFA4 /* Sources */,
				D0EF3D2A23564A6E0085FFA4 /* Frameworks */,
				D0EF3D2B23564A6E0085FFA4 /* Resources */,
				FC3087B018B78A34B513B709 /* [CP] Embed Pods Frameworks */,
			);
			buildRules = (
			);
			dependencies = (
			);
			name = "Meme Creator";
			productName = "Meme Creator";
			productReference = D0EF3D2D23564A6E0085FFA4 /* Meme Creator.app */;
			productType = "com.apple.product-type.application";
		};
/* End PBXNativeTarget section */

/* Begin PBXProject section */
		D0EF3D2523564A6E0085FFA4 /* Project object */ = {
			isa = PBXProject;
			attributes = {
				LastSwiftUpdateCheck = 1100;
				LastUpgradeCheck = 1100;
				ORGANIZATIONNAME = Alexander;
				TargetAttributes = {
					D0EF3D2C23564A6E0085FFA4 = {
						CreatedOnToolsVersion = 11.0;
					};
				};
			};
			buildConfigurationList = D0EF3D2823564A6E0085FFA4 /* Build configuration list for PBXProject "Meme Creator" */;
			compatibilityVersion = "Xcode 9.3";
			developmentRegion = en;
			hasScannedForEncodings = 0;
			knownRegions = (
				en,
				Base,
			);
			mainGroup = D0EF3D2423564A6E0085FFA4;
			productRefGroup = D0EF3D2E23564A6E0085FFA4 /* Products */;
			projectDirPath = "";
			projectRoot = "";
			targets = (
				D0EF3D2C23564A6E0085FFA4 /* Meme Creator */,
			);
		};
/* End PBXProject section */

/* Begin PBXResourcesBuildPhase section */
		D0EF3D2B23564A6E0085FFA4 /* Resources */ = {
			isa = PBXResourcesBuildPhase;
			buildActionMask = 2147483647;
			files = (
				D0EF3D3D23564A720085FFA4 /* LaunchScreen.storyboard in Resources */,
				D0EF3D3A23564A720085FFA4 /* Assets.xcassets in Resources */,
				D0EF3D812356600C0085FFA4 /* GoogleService-Info.plist in Resources */,
				D0EF3D3823564A6E0085FFA4 /* Main.storyboard in Resources */,
			);
			runOnlyForDeploymentPostprocessing = 0;
		};
/* End PBXResourcesBuildPhase section */

/* Begin PBXShellScriptBuildPhase section */
		822FEC015BA1E555C1DBFC4F /* [CP] Check Pods Manifest.lock */ = {
			isa = PBXShellScriptBuildPhase;
			buildActionMask = 2147483647;
			files = (
			);
			inputFileListPaths = (
			);
			inputPaths = (
				"${PODS_PODFILE_DIR_PATH}/Podfile.lock",
				"${PODS_ROOT}/Manifest.lock",
			);
			name = "[CP] Check Pods Manifest.lock";
			outputFileListPaths = (
			);
			outputPaths = (
				"$(DERIVED_FILE_DIR)/Pods-Meme Creator-checkManifestLockResult.txt",
			);
			runOnlyForDeploymentPostprocessing = 0;
			shellPath = /bin/sh;
			shellScript = "diff \"${PODS_PODFILE_DIR_PATH}/Podfile.lock\" \"${PODS_ROOT}/Manifest.lock\" > /dev/null\nif [ $? != 0 ] ; then\n    # print error to STDERR\n    echo \"error: The sandbox is not in sync with the Podfile.lock. Run 'pod install' or update your CocoaPods installation.\" >&2\n    exit 1\nfi\n# This output is used by Xcode 'outputs' to avoid re-running this script phase.\necho \"SUCCESS\" > \"${SCRIPT_OUTPUT_FILE_0}\"\n";
			showEnvVarsInLog = 0;
		};
		FC3087B018B78A34B513B709 /* [CP] Embed Pods Frameworks */ = {
			isa = PBXShellScriptBuildPhase;
			buildActionMask = 2147483647;
			files = (
			);
			inputFileListPaths = (
				"${PODS_ROOT}/Target Support Files/Pods-Meme Creator/Pods-Meme Creator-frameworks-${CONFIGURATION}-input-files.xcfilelist",
			);
			name = "[CP] Embed Pods Frameworks";
			outputFileListPaths = (
				"${PODS_ROOT}/Target Support Files/Pods-Meme Creator/Pods-Meme Creator-frameworks-${CONFIGURATION}-output-files.xcfilelist",
			);
			runOnlyForDeploymentPostprocessing = 0;
			shellPath = /bin/sh;
			shellScript = "\"${PODS_ROOT}/Target Support Files/Pods-Meme Creator/Pods-Meme Creator-frameworks.sh\"\n";
			showEnvVarsInLog = 0;
		};
/* End PBXShellScriptBuildPhase section */

/* Begin PBXSourcesBuildPhase section */
		D0EF3D2923564A6E0085FFA4 /* Sources */ = {
			isa = PBXSourcesBuildPhase;
			buildActionMask = 2147483647;
			files = (
				D0EF3D4F23564C790085FFA4 /* UserSearchController.swift in Sources */,
				D0EF3D8E2358A56F0085FFA4 /* SettingsController.swift in Sources */,
				D0EF3D5A23564DB60085FFA4 /* CommentsController.swift in Sources */,
				D0EF3D7123564FC50085FFA4 /* SignUpController.swift in Sources */,
				D0EF3D4823564B4E0085FFA4 /* PreviewPhotoContainerView.swift in Sources */,
				D0EF3D6C23564F230085FFA4 /* SharePhotoController.swift in Sources */,
				D0EF3D852358A4D50085FFA4 /* UserInfoHeader.swift in Sources */,
				D0EF3D5623564D390085FFA4 /* MainTabBarController.swift in Sources */,
				D0EF3D5F23564E0C0085FFA4 /* Post.swift in Sources */,
				D0EF3D4623564B140085FFA4 /* CameraController.swift in Sources */,
				D0EF3D6123564E1F0085FFA4 /* User.swift in Sources */,
				D0EF3D7D235650C20085FFA4 /* CustomImageView.swift in Sources */,
				D0EF3D6623564EBF0085FFA4 /* PhotoSelectorController.swift in Sources */,
				D0EF3D6F23564F560085FFA4 /* LoginController.swift in Sources */,
				D0EF3D6823564ED50085FFA4 /* PhotoSelectorCell.swift in Sources */,
				D0EF3D5823564D9E0085FFA4 /* HomePostCell.swift in Sources */,
				D0EF3D5123564C930085FFA4 /* UserSearchCell.swift in Sources */,
				D0EF3D8323566B160085FFA4 /* SceneDelegate.swift in Sources */,
				D0EF3D5323564CC30085FFA4 /* HomeController.swift in Sources */,
				D0EF3D7F235650E90085FFA4 /* FirebaseUtilis.swift in Sources */,
				D0EF3D6A23564F020085FFA4 /* PhotoSelectorHeader.swift in Sources */,
				D0EF3D782356506C0085FFA4 /* UserProfileCell.swift in Sources */,
				D0EF3D7423564FFC0085FFA4 /* UserProfileController.swift in Sources */,
				D0EF3D8C2358A5530085FFA4 /* SettingsSection.swift in Sources */,
				D0EF3D6323564E370085FFA4 /* Comment.swift in Sources */,
				D0EF3D4D23564C540085FFA4 /* CustomAnimationDismisser.swift in Sources */,
				D0EF3D8A2358A53D0085FFA4 /* SettingsCell.swift in Sources */,
				D0EF3D7B2356509B0085FFA4 /* Extensions.swift in Sources */,
				D0EF3D4A23564B830085FFA4 /* CustomAnimationPresenter.swift in Sources */,
				D0EF3D882358A5270085FFA4 /* PasswordChange.swift in Sources */,
				D0EF3D3123564A6E0085FFA4 /* AppDelegate.swift in Sources */,
				D0EF3D76235650160085FFA4 /* UserProfileHeader.swift in Sources */,
				D0EF3D5C23564DE20085FFA4 /* CommentCell.swift in Sources */,
			);
			runOnlyForDeploymentPostprocessing = 0;
		};
/* End PBXSourcesBuildPhase section */

/* Begin PBXVariantGroup section */
		D0EF3D3623564A6E0085FFA4 /* Main.storyboard */ = {
			isa = PBXVariantGroup;
			children = (
				D0EF3D3723564A6E0085FFA4 /* Base */,
			);
			name = Main.storyboard;
			sourceTree = "<group>";
		};
		D0EF3D3B23564A720085FFA4 /* LaunchScreen.storyboard */ = {
			isa = PBXVariantGroup;
			children = (
				D0EF3D3C23564A720085FFA4 /* Base */,
			);
			name = LaunchScreen.storyboard;
			sourceTree = "<group>";
		};
/* End PBXVariantGroup section */

/* Begin XCBuildConfiguration section */
		D0EF3D3F23564A720085FFA4 /* Debug */ = {
			isa = XCBuildConfiguration;
			buildSettings = {
				ALWAYS_SEARCH_USER_PATHS = NO;
				CLANG_ANALYZER_NONNULL = YES;
				CLANG_ANALYZER_NUMBER_OBJECT_CONVERSION = YES_AGGRESSIVE;
				CLANG_CXX_LANGUAGE_STANDARD = "gnu++14";
				CLANG_CXX_LIBRARY = "libc++";
				CLANG_ENABLE_MODULES = YES;
				CLANG_ENABLE_OBJC_ARC = YES;
				CLANG_ENABLE_OBJC_WEAK = YES;
				CLANG_WARN_BLOCK_CAPTURE_AUTORELEASING = YES;
				CLANG_WARN_BOOL_CONVERSION = YES;
				CLANG_WARN_COMMA = YES;
				CLANG_WARN_CONSTANT_CONVERSION = YES;
				CLANG_WARN_DEPRECATED_OBJC_IMPLEMENTATIONS = YES;
				CLANG_WARN_DIRECT_OBJC_ISA_USAGE = YES_ERROR;
				CLANG_WARN_DOCUMENTATION_COMMENTS = YES;
				CLANG_WARN_EMPTY_BODY = YES;
				CLANG_WARN_ENUM_CONVERSION = YES;
				CLANG_WARN_INFINITE_RECURSION = YES;
				CLANG_WARN_INT_CONVERSION = YES;
				CLANG_WARN_NON_LITERAL_NULL_CONVERSION = YES;
				CLANG_WARN_OBJC_IMPLICIT_RETAIN_SELF = YES;
				CLANG_WARN_OBJC_LITERAL_CONVERSION = YES;
				CLANG_WARN_OBJC_ROOT_CLASS = YES_ERROR;
				CLANG_WARN_RANGE_LOOP_ANALYSIS = YES;
				CLANG_WARN_STRICT_PROTOTYPES = YES;
				CLANG_WARN_SUSPICIOUS_MOVE = YES;
				CLANG_WARN_UNGUARDED_AVAILABILITY = YES_AGGRESSIVE;
				CLANG_WARN_UNREACHABLE_CODE = YES;
				CLANG_WARN__DUPLICATE_METHOD_MATCH = YES;
				COPY_PHASE_STRIP = NO;
				DEBUG_INFORMATION_FORMAT = dwarf;
				ENABLE_STRICT_OBJC_MSGSEND = YES;
				ENABLE_TESTABILITY = YES;
				GCC_C_LANGUAGE_STANDARD = gnu11;
				GCC_DYNAMIC_NO_PIC = NO;
				GCC_NO_COMMON_BLOCKS = YES;
				GCC_OPTIMIZATION_LEVEL = 0;
				GCC_PREPROCESSOR_DEFINITIONS = (
					"DEBUG=1",
					"$(inherited)",
				);
				GCC_WARN_64_TO_32_BIT_CONVERSION = YES;
				GCC_WARN_ABOUT_RETURN_TYPE = YES_ERROR;
				GCC_WARN_UNDECLARED_SELECTOR = YES;
				GCC_WARN_UNINITIALIZED_AUTOS = YES_AGGRESSIVE;
				GCC_WARN_UNUSED_FUNCTION = YES;
				GCC_WARN_UNUSED_VARIABLE = YES;
				IPHONEOS_DEPLOYMENT_TARGET = 13.0;
				MTL_ENABLE_DEBUG_INFO = INCLUDE_SOURCE;
				MTL_FAST_MATH = YES;
				ONLY_ACTIVE_ARCH = YES;
				SDKROOT = iphoneos;
				SWIFT_ACTIVE_COMPILATION_CONDITIONS = DEBUG;
				SWIFT_OPTIMIZATION_LEVEL = "-Onone";
			};
			name = Debug;
		};
		D0EF3D4023564A720085FFA4 /* Release */ = {
			isa = XCBuildConfiguration;
			buildSettings = {
				ALWAYS_SEARCH_USER_PATHS = NO;
				CLANG_ANALYZER_NONNULL = YES;
				CLANG_ANALYZER_NUMBER_OBJECT_CONVERSION = YES_AGGRESSIVE;
				CLANG_CXX_LANGUAGE_STANDARD = "gnu++14";
				CLANG_CXX_LIBRARY = "libc++";
				CLANG_ENABLE_MODULES = YES;
				CLANG_ENABLE_OBJC_ARC = YES;
				CLANG_ENABLE_OBJC_WEAK = YES;
				CLANG_WARN_BLOCK_CAPTURE_AUTORELEASING = YES;
				CLANG_WARN_BOOL_CONVERSION = YES;
				CLANG_WARN_COMMA = YES;
				CLANG_WARN_CONSTANT_CONVERSION = YES;
				CLANG_WARN_DEPRECATED_OBJC_IMPLEMENTATIONS = YES;
				CLANG_WARN_DIRECT_OBJC_ISA_USAGE = YES_ERROR;
				CLANG_WARN_DOCUMENTATION_COMMENTS = YES;
				CLANG_WARN_EMPTY_BODY = YES;
				CLANG_WARN_ENUM_CONVERSION = YES;
				CLANG_WARN_INFINITE_RECURSION = YES;
				CLANG_WARN_INT_CONVERSION = YES;
				CLANG_WARN_NON_LITERAL_NULL_CONVERSION = YES;
				CLANG_WARN_OBJC_IMPLICIT_RETAIN_SELF = YES;
				CLANG_WARN_OBJC_LITERAL_CONVERSION = YES;
				CLANG_WARN_OBJC_ROOT_CLASS = YES_ERROR;
				CLANG_WARN_RANGE_LOOP_ANALYSIS = YES;
				CLANG_WARN_STRICT_PROTOTYPES = YES;
				CLANG_WARN_SUSPICIOUS_MOVE = YES;
				CLANG_WARN_UNGUARDED_AVAILABILITY = YES_AGGRESSIVE;
				CLANG_WARN_UNREACHABLE_CODE = YES;
				CLANG_WARN__DUPLICATE_METHOD_MATCH = YES;
				COPY_PHASE_STRIP = NO;
				DEBUG_INFORMATION_FORMAT = "dwarf-with-dsym";
				ENABLE_NS_ASSERTIONS = NO;
				ENABLE_STRICT_OBJC_MSGSEND = YES;
				GCC_C_LANGUAGE_STANDARD = gnu11;
				GCC_NO_COMMON_BLOCKS = YES;
				GCC_WARN_64_TO_32_BIT_CONVERSION = YES;
				GCC_WARN_ABOUT_RETURN_TYPE = YES_ERROR;
				GCC_WARN_UNDECLARED_SELECTOR = YES;
				GCC_WARN_UNINITIALIZED_AUTOS = YES_AGGRESSIVE;
				GCC_WARN_UNUSED_FUNCTION = YES;
				GCC_WARN_UNUSED_VARIABLE = YES;
				IPHONEOS_DEPLOYMENT_TARGET = 13.0;
				MTL_ENABLE_DEBUG_INFO = NO;
				MTL_FAST_MATH = YES;
				SDKROOT = iphoneos;
				SWIFT_COMPILATION_MODE = wholemodule;
				SWIFT_OPTIMIZATION_LEVEL = "-O";
				VALIDATE_PRODUCT = YES;
			};
			name = Release;
		};
		D0EF3D4223564A720085FFA4 /* Debug */ = {
			isa = XCBuildConfiguration;
			baseConfigurationReference = 7EF2F0DE217D9C506152EA7E /* Pods-Meme Creator.debug.xcconfig */;
			buildSettings = {
				ASSETCATALOG_COMPILER_APPICON_NAME = AppIcon;
				CODE_SIGN_STYLE = Automatic;
				DEVELOPMENT_TEAM = ANXHX3BNF5;
				INFOPLIST_FILE = "Meme Creator/Info.plist";
				LD_RUNPATH_SEARCH_PATHS = (
					"$(inherited)",
					"@executable_path/Frameworks",
				);
				PRODUCT_BUNDLE_IDENTIFIER = "com.Alexander.Meme-Creator";
				PRODUCT_NAME = "$(TARGET_NAME)";
				SWIFT_VERSION = 5.0;
				TARGETED_DEVICE_FAMILY = "1,2";
			};
			name = Debug;
		};
		D0EF3D4323564A720085FFA4 /* Release */ = {
			isa = XCBuildConfiguration;
			baseConfigurationReference = A63B7D6DF60E8EB47D8B6C14 /* Pods-Meme Creator.release.xcconfig */;
			buildSettings = {
				ASSETCATALOG_COMPILER_APPICON_NAME = AppIcon;
				CODE_SIGN_STYLE = Automatic;
				DEVELOPMENT_TEAM = ANXHX3BNF5;
				INFOPLIST_FILE = "Meme Creator/Info.plist";
				LD_RUNPATH_SEARCH_PATHS = (
					"$(inherited)",
					"@executable_path/Frameworks",
				);
				PRODUCT_BUNDLE_IDENTIFIER = "com.Alexander.Meme-Creator";
				PRODUCT_NAME = "$(TARGET_NAME)";
				SWIFT_VERSION = 5.0;
				TARGETED_DEVICE_FAMILY = "1,2";
			};
			name = Release;
		};
/* End XCBuildConfiguration section */

/* Begin XCConfigurationList section */
		D0EF3D2823564A6E0085FFA4 /* Build configuration list for PBXProject "Meme Creator" */ = {
			isa = XCConfigurationList;
			buildConfigurations = (
				D0EF3D3F23564A720085FFA4 /* Debug */,
				D0EF3D4023564A720085FFA4 /* Release */,
			);
			defaultConfigurationIsVisible = 0;
			defaultConfigurationName = Release;
		};
		D0EF3D4123564A720085FFA4 /* Build configuration list for PBXNativeTarget "Meme Creator" */ = {
			isa = XCConfigurationList;
			buildConfigurations = (
				D0EF3D4223564A720085FFA4 /* Debug */,
				D0EF3D4323564A720085FFA4 /* Release */,
			);
			defaultConfigurationIsVisible = 0;
			defaultConfigurationName = Release;
		};
/* End XCConfigurationList section */
	};
	rootObject = D0EF3D2523564A6E0085FFA4 /* Project object */;
}
